
Microsoft Visual Studio Solution File, Format Version 12.00
# Visual Studio Version 16
VisualStudioVersion = 16.0.29324.140
MinimumVisualStudioVersion = 10.0.40219.1
Project("{FAE04EC0-301F-11D3-BF4B-00C04F79EFBC}") = "FTPClient", "FTPClient\FTPClient.csproj", "{FF77FCC1-B4F1-4F3C-B772-9C1F5DBEC0BB}"
EndProject
Global
	GlobalSection(SolutionConfigurationPlatforms) = preSolution
		Debug|Any CPU = Debug|Any CPU
		Release|Any CPU = Release|Any CPU
	EndGlobalSection
	GlobalSection(ProjectConfigurationPlatforms) = postSolution
		{FF77FCC1-B4F1-4F3C-B772-9C1F5DBEC0BB}.Debug|Any CPU.ActiveCfg = Debug|Any CPU
		{FF77FCC1-B4F1-4F3C-B772-9C1F5DBEC0BB}.Debug|Any CPU.Build.0 = Debug|Any CPU
		{FF77FCC1-B4F1-4F3C-B772-9C1F5DBEC0BB}.Release|Any CPU.ActiveCfg = Release|Any CPU
		{FF77FCC1-B4F1-4F3C-B772-9C1F5DBEC0BB}.Release|Any CPU.Build.0 = Release|Any CPU
	EndGlobalSection
	GlobalSection(SolutionProperties) = preSolution
		HideSolutionNode = FALSE
	EndGlobalSection
	GlobalSection(ExtensibilityGlobals) = postSolution
		SolutionGuid = {B10ACC93-B117-4634-8827-A84EF17CD638}
	EndGlobalSection
EndGlobal
